
Microsoft Visual Studio Solution File, Format Version 12.00
# Visual Studio Version 16
VisualStudioVersion = 16.0.31729.503
MinimumVisualStudioVersion = 10.0.40219.1
Project("{FAE04EC0-301F-11D3-BF4B-00C04F79EFBC}") = "UnixTimeStamp", "UnixTimeStamp\UnixTimeStamp.csproj", "{EE96CAC1-7096-4D56-AF32-CA18E54CCC0F}"
EndProject
Global
	GlobalSection(SolutionConfigurationPlatforms) = preSolution
		Debug|Any CPU = Debug|Any CPU
		Release|Any CPU = Release|Any CPU
	EndGlobalSection
	GlobalSection(ProjectConfigurationPlatforms) = postSolution
		{EE96CAC1-7096-4D56-AF32-CA18E54CCC0F}.Debug|Any CPU.ActiveCfg = Debug|Any CPU
		{EE96CAC1-7096-4D56-AF32-CA18E54CCC0F}.Debug|Any CPU.Build.0 = Debug|Any CPU
		{EE96CAC1-7096-4D56-AF32-CA18E54CCC0F}.Release|Any CPU.ActiveCfg = Release|Any CPU
		{EE96CAC1-7096-4D56-AF32-CA18E54CCC0F}.Release|Any CPU.Build.0 = Release|Any CPU
	EndGlobalSection
	GlobalSection(SolutionProperties) = preSolution
		HideSolutionNode = FALSE
	EndGlobalSection
	GlobalSection(ExtensibilityGlobals) = postSolution
		SolutionGuid = {E271E44E-E89E-428D-8848-FEB0D19B7324}
	EndGlobalSection
EndGlobal
